// !$*UTF8*$!
{
	archiveVersion = 1;
	classes = {
	};
	objectVersion = 46;
	objects = {

/* Begin PBXBuildFile section */
		D527E08A19A68D100092CA64 /* SceneController.m in Sources */ = {isa = PBXBuildFile; fileRef = D527E08919A68D100092CA64 /* SceneController.m */; };
		D531B1D719C3767000973DBF /* SWRevealViewController.m in Sources */ = {isa = PBXBuildFile; fileRef = D531B1D619C3767000973DBF /* SWRevealViewController.m */; };
		D531B1DB19C377B900973DBF /* MenuViewController.m in Sources */ = {isa = PBXBuildFile; fileRef = D531B1DA19C377B900973DBF /* MenuViewController.m */; };
		D531B1E619C3892900973DBF /* reveal-icon.png in Resources */ = {isa = PBXBuildFile; fileRef = D531B1E419C3892900973DBF /* reveal-icon.png */; };
		D531B1E719C3892900973DBF /* reveal-icon@2x.png in Resources */ = {isa = PBXBuildFile; fileRef = D531B1E519C3892900973DBF /* reveal-icon@2x.png */; };
		D56814F4195D4EBC00DF984C /* main.m in Sources */ = {isa = PBXBuildFile; fileRef = D56814F3195D4EBC00DF984C /* main.m */; };
		D56814F7195D4EBC00DF984C /* AppDelegate.m in Sources */ = {isa = PBXBuildFile; fileRef = D56814F6195D4EBC00DF984C /* AppDelegate.m */; };
		D56814F9195D4EBC00DF984C /* Images.xcassets in Resources */ = {isa = PBXBuildFile; fileRef = D56814F8195D4EBC00DF984C /* Images.xcassets */; };
		D5681510195D4F3000DF984C /* Stage.m in Sources */ = {isa = PBXBuildFile; fileRef = D568150F195D4F3000DF984C /* Stage.m */; };
		D5681512195D4FB100DF984C /* OpenGLES.framework in Frameworks */ = {isa = PBXBuildFile; fileRef = D5681511195D4FB100DF984C /* OpenGLES.framework */; };
		D5681514195D4FBB00DF984C /* GLKit.framework in Frameworks */ = {isa = PBXBuildFile; fileRef = D5681513195D4FBB00DF984C /* GLKit.framework */; };
		D568151A195E908100DF984C /* RoomView.m in Sources */ = {isa = PBXBuildFile; fileRef = D5681517195E908100DF984C /* RoomView.m */; };
		D568151B195E908100DF984C /* ScreenView.m in Sources */ = {isa = PBXBuildFile; fileRef = D5681519195E908100DF984C /* ScreenView.m */; };
		D568151F195E90AE00DF984C /* Primitives.m in Sources */ = {isa = PBXBuildFile; fileRef = D568151E195E90AE00DF984C /* Primitives.m */; };
		D5681524195E9FCF00DF984C /* NavBar.m in Sources */ = {isa = PBXBuildFile; fileRef = D5681523195E9FCF00DF984C /* NavBar.m */; };
		D5681527195EA06E00DF984C /* Hotspot.m in Sources */ = {isa = PBXBuildFile; fileRef = D5681526195EA06E00DF984C /* Hotspot.m */; };
		D568152D195FAF9000DF984C /* CubeOctaRoom.m in Sources */ = {isa = PBXBuildFile; fileRef = D568152C195FAF9000DF984C /* CubeOctaRoom.m */; };
		D57C425B1960E60F00963C52 /* Controls.m in Sources */ = {isa = PBXBuildFile; fileRef = D57C425A1960E60F00963C52 /* Controls.m */; };
		D5B38B5219CCFE2400459315 /* main.m in Sources */ = {isa = PBXBuildFile; fileRef = D5B38B5119CCFE2400459315 /* main.m */; };
		D5B38B5519CCFE2400459315 /* AppDelegate.m in Sources */ = {isa = PBXBuildFile; fileRef = D5B38B5419CCFE2400459315 /* AppDelegate.m */; };
		D5B38B5719CCFE2400459315 /* Images.xcassets in Resources */ = {isa = PBXBuildFile; fileRef = D5B38B5619CCFE2400459315 /* Images.xcassets */; };
		D5B38B6319CCFE2400459315 /* glscrollerTests.m in Sources */ = {isa = PBXBuildFile; fileRef = D5B38B6219CCFE2400459315 /* glscrollerTests.m */; };
/* End PBXBuildFile section */

/* Begin PBXContainerItemProxy section */
		D5B38B5D19CCFE2400459315 /* PBXContainerItemProxy */ = {
			isa = PBXContainerItemProxy;
			containerPortal = D56814E6195D4EBC00DF984C /* Project object */;
			proxyType = 1;
			remoteGlobalIDString = D5B38B4C19CCFE2400459315;
			remoteInfo = glscroller;
		};
/* End PBXContainerItemProxy section */

/* Begin PBXFileReference section */
		D527E08819A68D100092CA64 /* SceneController.h */ = {isa = PBXFileReference; fileEncoding = 4; lastKnownFileType = sourcecode.c.h; path = SceneController.h; sourceTree = "<group>"; };
		D527E08919A68D100092CA64 /* SceneController.m */ = {isa = PBXFileReference; fileEncoding = 4; lastKnownFileType = sourcecode.c.objc; path = SceneController.m; sourceTree = "<group>"; };
		D531B1D519C3767000973DBF /* SWRevealViewController.h */ = {isa = PBXFileReference; fileEncoding = 4; lastKnownFileType = sourcecode.c.h; name = SWRevealViewController.h; path = SWRevealController/SWRevealViewController.h; sourceTree = "<group>"; };
		D531B1D619C3767000973DBF /* SWRevealViewController.m */ = {isa = PBXFileReference; fileEncoding = 4; lastKnownFileType = sourcecode.c.objc; name = SWRevealViewController.m; path = SWRevealController/SWRevealViewController.m; sourceTree = "<group>"; };
		D531B1D919C377B900973DBF /* MenuViewController.h */ = {isa = PBXFileReference; fileEncoding = 4; lastKnownFileType = sourcecode.c.h; path = MenuViewController.h; sourceTree = "<group>"; };
		D531B1DA19C377B900973DBF /* MenuViewController.m */ = {isa = PBXFileReference; fileEncoding = 4; lastKnownFileType = sourcecode.c.objc; path = MenuViewController.m; sourceTree = "<group>"; };
		D531B1E419C3892900973DBF /* reveal-icon.png */ = {isa = PBXFileReference; lastKnownFileType = image.png; name = "reveal-icon.png"; path = "SWRevealController/reveal-icon.png"; sourceTree = "<group>"; };
		D531B1E519C3892900973DBF /* reveal-icon@2x.png */ = {isa = PBXFileReference; lastKnownFileType = image.png; name = "reveal-icon@2x.png"; path = "SWRevealController/reveal-icon@2x.png"; sourceTree = "<group>"; };
		D56814EE195D4EBC00DF984C /* Stage.app */ = {isa = PBXFileReference; explicitFileType = wrapper.application; includeInIndex = 0; path = Stage.app; sourceTree = BUILT_PRODUCTS_DIR; };
		D56814F2195D4EBC00DF984C /* Info.plist */ = {isa = PBXFileReference; lastKnownFileType = text.plist.xml; path = Info.plist; sourceTree = "<group>"; };
		D56814F3195D4EBC00DF984C /* main.m */ = {isa = PBXFileReference; lastKnownFileType = sourcecode.c.objc; path = main.m; sourceTree = "<group>"; };
		D56814F5195D4EBC00DF984C /* AppDelegate.h */ = {isa = PBXFileReference; lastKnownFileType = sourcecode.c.h; path = AppDelegate.h; sourceTree = "<group>"; };
		D56814F6195D4EBC00DF984C /* AppDelegate.m */ = {isa = PBXFileReference; lastKnownFileType = sourcecode.c.objc; path = AppDelegate.m; sourceTree = "<group>"; };
		D56814F8195D4EBC00DF984C /* Images.xcassets */ = {isa = PBXFileReference; lastKnownFileType = folder.assetcatalog; path = Images.xcassets; sourceTree = "<group>"; };
		D568150E195D4F3000DF984C /* Stage.h */ = {isa = PBXFileReference; fileEncoding = 4; lastKnownFileType = sourcecode.c.h; path = Stage.h; sourceTree = "<group>"; };
		D568150F195D4F3000DF984C /* Stage.m */ = {isa = PBXFileReference; fileEncoding = 4; lastKnownFileType = sourcecode.c.objc; path = Stage.m; sourceTree = "<group>"; };
		D5681511195D4FB100DF984C /* OpenGLES.framework */ = {isa = PBXFileReference; lastKnownFileType = wrapper.framework; name = OpenGLES.framework; path = System/Library/Frameworks/OpenGLES.framework; sourceTree = SDKROOT; };
		D5681513195D4FBB00DF984C /* GLKit.framework */ = {isa = PBXFileReference; lastKnownFileType = wrapper.framework; name = GLKit.framework; path = System/Library/Frameworks/GLKit.framework; sourceTree = SDKROOT; };
		D5681516195E908100DF984C /* RoomView.h */ = {isa = PBXFileReference; fileEncoding = 4; lastKnownFileType = sourcecode.c.h; path = RoomView.h; sourceTree = "<group>"; };
		D5681517195E908100DF984C /* RoomView.m */ = {isa = PBXFileReference; fileEncoding = 4; lastKnownFileType = sourcecode.c.objc; path = RoomView.m; sourceTree = "<group>"; };
		D5681518195E908100DF984C /* ScreenView.h */ = {isa = PBXFileReference; fileEncoding = 4; lastKnownFileType = sourcecode.c.h; path = ScreenView.h; sourceTree = "<group>"; };
		D5681519195E908100DF984C /* ScreenView.m */ = {isa = PBXFileReference; fileEncoding = 4; lastKnownFileType = sourcecode.c.objc; path = ScreenView.m; sourceTree = "<group>"; };
		D568151D195E90AE00DF984C /* Primitives.h */ = {isa = PBXFileReference; fileEncoding = 4; lastKnownFileType = sourcecode.c.h; path = Primitives.h; sourceTree = "<group>"; };
		D568151E195E90AE00DF984C /* Primitives.m */ = {isa = PBXFileReference; fileEncoding = 4; lastKnownFileType = sourcecode.c.objc; path = Primitives.m; sourceTree = "<group>"; };
		D5681522195E9FCF00DF984C /* NavBar.h */ = {isa = PBXFileReference; fileEncoding = 4; lastKnownFileType = sourcecode.c.h; path = NavBar.h; sourceTree = "<group>"; };
		D5681523195E9FCF00DF984C /* NavBar.m */ = {isa = PBXFileReference; fileEncoding = 4; lastKnownFileType = sourcecode.c.objc; path = NavBar.m; sourceTree = "<group>"; };
		D5681525195EA06E00DF984C /* Hotspot.h */ = {isa = PBXFileReference; fileEncoding = 4; lastKnownFileType = sourcecode.c.h; path = Hotspot.h; sourceTree = "<group>"; };
		D5681526195EA06E00DF984C /* Hotspot.m */ = {isa = PBXFileReference; fileEncoding = 4; lastKnownFileType = sourcecode.c.objc; path = Hotspot.m; sourceTree = "<group>"; };
		D5681528195FA9A500DF984C /* common.c */ = {isa = PBXFileReference; lastKnownFileType = sourcecode.c.c; path = common.c; sourceTree = "<group>"; };
		D5681529195FAA7000DF984C /* lights.c */ = {isa = PBXFileReference; lastKnownFileType = sourcecode.c.c; path = lights.c; sourceTree = "<group>"; };
		D568152B195FAF9000DF984C /* CubeOctaRoom.h */ = {isa = PBXFileReference; fileEncoding = 4; lastKnownFileType = sourcecode.c.h; path = CubeOctaRoom.h; sourceTree = "<group>"; };
		D568152C195FAF9000DF984C /* CubeOctaRoom.m */ = {isa = PBXFileReference; fileEncoding = 4; lastKnownFileType = sourcecode.c.objc; path = CubeOctaRoom.m; sourceTree = "<group>"; };
		D57C42591960E60F00963C52 /* Controls.h */ = {isa = PBXFileReference; fileEncoding = 4; lastKnownFileType = sourcecode.c.h; path = Controls.h; sourceTree = "<group>"; };
		D57C425A1960E60F00963C52 /* Controls.m */ = {isa = PBXFileReference; fileEncoding = 4; lastKnownFileType = sourcecode.c.objc; path = Controls.m; sourceTree = "<group>"; };
		D5B38B4D19CCFE2400459315 /* glscroller.app */ = {isa = PBXFileReference; explicitFileType = wrapper.application; includeInIndex = 0; path = glscroller.app; sourceTree = BUILT_PRODUCTS_DIR; };
		D5B38B5019CCFE2400459315 /* Info.plist */ = {isa = PBXFileReference; lastKnownFileType = text.plist.xml; path = Info.plist; sourceTree = "<group>"; };
		D5B38B5119CCFE2400459315 /* main.m */ = {isa = PBXFileReference; lastKnownFileType = sourcecode.c.objc; path = main.m; sourceTree = "<group>"; };
		D5B38B5319CCFE2400459315 /* AppDelegate.h */ = {isa = PBXFileReference; lastKnownFileType = sourcecode.c.h; path = AppDelegate.h; sourceTree = "<group>"; };
		D5B38B5419CCFE2400459315 /* AppDelegate.m */ = {isa = PBXFileReference; lastKnownFileType = sourcecode.c.objc; path = AppDelegate.m; sourceTree = "<group>"; };
		D5B38B5619CCFE2400459315 /* Images.xcassets */ = {isa = PBXFileReference; lastKnownFileType = folder.assetcatalog; path = Images.xcassets; sourceTree = "<group>"; };
		D5B38B5C19CCFE2400459315 /* glscrollerTests.xctest */ = {isa = PBXFileReference; explicitFileType = wrapper.cfbundle; includeInIndex = 0; path = glscrollerTests.xctest; sourceTree = BUILT_PRODUCTS_DIR; };
		D5B38B6119CCFE2400459315 /* Info.plist */ = {isa = PBXFileReference; lastKnownFileType = text.plist.xml; path = Info.plist; sourceTree = "<group>"; };
		D5B38B6219CCFE2400459315 /* glscrollerTests.m */ = {isa = PBXFileReference; lastKnownFileType = sourcecode.c.objc; path = glscrollerTests.m; sourceTree = "<group>"; };
/* End PBXFileReference section */

/* Begin PBXFrameworksBuildPhase section */
		D56814EB195D4EBC00DF984C /* Frameworks */ = {
			isa = PBXFrameworksBuildPhase;
			buildActionMask = 2147483647;
			files = (
				D5681514195D4FBB00DF984C /* GLKit.framework in Frameworks */,
				D5681512195D4FB100DF984C /* OpenGLES.framework in Frameworks */,
			);
			runOnlyForDeploymentPostprocessing = 0;
		};
		D5B38B4A19CCFE2400459315 /* Frameworks */ = {
			isa = PBXFrameworksBuildPhase;
			buildActionMask = 2147483647;
			files = (
			);
			runOnlyForDeploymentPostprocessing = 0;
		};
		D5B38B5919CCFE2400459315 /* Frameworks */ = {
			isa = PBXFrameworksBuildPhase;
			buildActionMask = 2147483647;
			files = (
			);
			runOnlyForDeploymentPostprocessing = 0;
		};
/* End PBXFrameworksBuildPhase section */

/* Begin PBXGroup section */
		D531B1D819C3767400973DBF /* Frameworks */ = {
			isa = PBXGroup;
			children = (
				D531B1E419C3892900973DBF /* reveal-icon.png */,
				D531B1E519C3892900973DBF /* reveal-icon@2x.png */,
				D531B1D519C3767000973DBF /* SWRevealViewController.h */,
				D531B1D619C3767000973DBF /* SWRevealViewController.m */,
			);
			name = Frameworks;
			sourceTree = "<group>";
		};
		D536C6E319CA591300EFF156 /* Animation */ = {
			isa = PBXGroup;
			children = (
				D527E08819A68D100092CA64 /* SceneController.h */,
				D527E08919A68D100092CA64 /* SceneController.m */,
			);
			name = Animation;
			sourceTree = "<group>";
		};
		D536C6E419CA592A00EFF156 /* Custom Interface */ = {
			isa = PBXGroup;
			children = (
				D531B1D919C377B900973DBF /* MenuViewController.h */,
				D531B1DA19C377B900973DBF /* MenuViewController.m */,
				D5681522195E9FCF00DF984C /* NavBar.h */,
				D5681523195E9FCF00DF984C /* NavBar.m */,
			);
			name = "Custom Interface";
			sourceTree = "<group>";
		};
		D56814E5195D4EBC00DF984C = {
			isa = PBXGroup;
			children = (
				D56814F0195D4EBC00DF984C /* iOS */,
				D5B38B4E19CCFE2400459315 /* glscroller */,
				D5B38B5F19CCFE2400459315 /* glscrollerTests */,
				D56814EF195D4EBC00DF984C /* Products */,
			);
			sourceTree = "<group>";
		};
		D56814EF195D4EBC00DF984C /* Products */ = {
			isa = PBXGroup;
			children = (
				D56814EE195D4EBC00DF984C /* Stage.app */,
				D5B38B4D19CCFE2400459315 /* glscroller.app */,
				D5B38B5C19CCFE2400459315 /* glscrollerTests.xctest */,
			);
			name = Products;
			sourceTree = "<group>";
		};
		D56814F0195D4EBC00DF984C /* iOS */ = {
			isa = PBXGroup;
			children = (
				D56814F5195D4EBC00DF984C /* AppDelegate.h */,
				D56814F6195D4EBC00DF984C /* AppDelegate.m */,
				D5681515195E8F7800DF984C /* StageKit */,
				D531B1D819C3767400973DBF /* Frameworks */,
				D56814F8195D4EBC00DF984C /* Images.xcassets */,
				D56814F1195D4EBC00DF984C /* Supporting Files */,
			);
			path = iOS;
			sourceTree = "<group>";
		};
		D56814F1195D4EBC00DF984C /* Supporting Files */ = {
			isa = PBXGroup;
			children = (
				D5681513195D4FBB00DF984C /* GLKit.framework */,
				D5681511195D4FB100DF984C /* OpenGLES.framework */,
				D56814F2195D4EBC00DF984C /* Info.plist */,
				D56814F3195D4EBC00DF984C /* main.m */,
			);
			name = "Supporting Files";
			sourceTree = "<group>";
		};
		D5681515195E8F7800DF984C /* StageKit */ = {
			isa = PBXGroup;
			children = (
				D568150E195D4F3000DF984C /* Stage.h */,
				D568150F195D4F3000DF984C /* Stage.m */,
				D536C6E319CA591300EFF156 /* Animation */,
				D568151C195E908600DF984C /* Interface */,
				D536C6E419CA592A00EFF156 /* Custom Interface */,
				D568152A195FAB7D00DF984C /* Tools */,
				D568152E195FAF9200DF984C /* Samples */,
			);
			name = StageKit;
			sourceTree = "<group>";
		};
		D568151C195E908600DF984C /* Interface */ = {
			isa = PBXGroup;
			children = (
				D5681516195E908100DF984C /* RoomView.h */,
				D5681517195E908100DF984C /* RoomView.m */,
				D5681518195E908100DF984C /* ScreenView.h */,
				D5681519195E908100DF984C /* ScreenView.m */,
			);
			name = Interface;
			sourceTree = "<group>";
		};
		D568152A195FAB7D00DF984C /* Tools */ = {
			isa = PBXGroup;
			children = (
				D5681525195EA06E00DF984C /* Hotspot.h */,
				D5681526195EA06E00DF984C /* Hotspot.m */,
				D568151D195E90AE00DF984C /* Primitives.h */,
				D568151E195E90AE00DF984C /* Primitives.m */,
				D5681528195FA9A500DF984C /* common.c */,
				D5681529195FAA7000DF984C /* lights.c */,
			);
			name = Tools;
			sourceTree = "<group>";
		};
		D568152E195FAF9200DF984C /* Samples */ = {
			isa = PBXGroup;
			children = (
				D57C42591960E60F00963C52 /* Controls.h */,
				D57C425A1960E60F00963C52 /* Controls.m */,
				D568152B195FAF9000DF984C /* CubeOctaRoom.h */,
				D568152C195FAF9000DF984C /* CubeOctaRoom.m */,
			);
			name = Samples;
			sourceTree = "<group>";
		};
		D5B38B4E19CCFE2400459315 /* glscroller */ = {
			isa = PBXGroup;
			children = (
				D5B38B5319CCFE2400459315 /* AppDelegate.h */,
				D5B38B5419CCFE2400459315 /* AppDelegate.m */,
				D5B38B5619CCFE2400459315 /* Images.xcassets */,
				D5B38B4F19CCFE2400459315 /* Supporting Files */,
			);
			path = glscroller;
			sourceTree = "<group>";
		};
		D5B38B4F19CCFE2400459315 /* Supporting Files */ = {
			isa = PBXGroup;
			children = (
				D5B38B5019CCFE2400459315 /* Info.plist */,
				D5B38B5119CCFE2400459315 /* main.m */,
			);
			name = "Supporting Files";
			sourceTree = "<group>";
		};
		D5B38B5F19CCFE2400459315 /* glscrollerTests */ = {
			isa = PBXGroup;
			children = (
				D5B38B6219CCFE2400459315 /* glscrollerTests.m */,
				D5B38B6019CCFE2400459315 /* Supporting Files */,
			);
			path = glscrollerTests;
			sourceTree = "<group>";
		};
		D5B38B6019CCFE2400459315 /* Supporting Files */ = {
			isa = PBXGroup;
			children = (
				D5B38B6119CCFE2400459315 /* Info.plist */,
			);
			name = "Supporting Files";
			sourceTree = "<group>";
		};
/* End PBXGroup section */

/* Begin PBXNativeTarget section */
		D56814ED195D4EBC00DF984C /* Stage */ = {
			isa = PBXNativeTarget;
			buildConfigurationList = D5681508195D4EBC00DF984C /* Build configuration list for PBXNativeTarget "Stage" */;
			buildPhases = (
				D56814EA195D4EBC00DF984C /* Sources */,
				D56814EB195D4EBC00DF984C /* Frameworks */,
				D56814EC195D4EBC00DF984C /* Resources */,
			);
			buildRules = (
			);
			dependencies = (
			);
			name = Stage;
			productName = Stage;
			productReference = D56814EE195D4EBC00DF984C /* Stage.app */;
			productType = "com.apple.product-type.application";
		};
		D5B38B4C19CCFE2400459315 /* glscroller */ = {
			isa = PBXNativeTarget;
			buildConfigurationList = D5B38B6419CCFE2400459315 /* Build configuration list for PBXNativeTarget "glscroller" */;
			buildPhases = (
				D5B38B4919CCFE2400459315 /* Sources */,
				D5B38B4A19CCFE2400459315 /* Frameworks */,
				D5B38B4B19CCFE2400459315 /* Resources */,
			);
			buildRules = (
			);
			dependencies = (
			);
			name = glscroller;
			productName = glscroller;
			productReference = D5B38B4D19CCFE2400459315 /* glscroller.app */;
			productType = "com.apple.product-type.application";
		};
		D5B38B5B19CCFE2400459315 /* glscrollerTests */ = {
			isa = PBXNativeTarget;
			buildConfigurationList = D5B38B6719CCFE2400459315 /* Build configuration list for PBXNativeTarget "glscrollerTests" */;
			buildPhases = (
				D5B38B5819CCFE2400459315 /* Sources */,
				D5B38B5919CCFE2400459315 /* Frameworks */,
				D5B38B5A19CCFE2400459315 /* Resources */,
			);
			buildRules = (
			);
			dependencies = (
				D5B38B5E19CCFE2400459315 /* PBXTargetDependency */,
			);
			name = glscrollerTests;
			productName = glscrollerTests;
			productReference = D5B38B5C19CCFE2400459315 /* glscrollerTests.xctest */;
			productType = "com.apple.product-type.bundle.unit-test";
		};
/* End PBXNativeTarget section */

/* Begin PBXProject section */
		D56814E6195D4EBC00DF984C /* Project object */ = {
			isa = PBXProject;
			attributes = {
				LastUpgradeCheck = 0600;
				ORGANIZATIONNAME = Robby;
				TargetAttributes = {
					D56814ED195D4EBC00DF984C = {
						CreatedOnToolsVersion = 6.0;
					};
					D5B38B4C19CCFE2400459315 = {
						CreatedOnToolsVersion = 6.0;
					};
					D5B38B5B19CCFE2400459315 = {
						CreatedOnToolsVersion = 6.0;
						TestTargetID = D5B38B4C19CCFE2400459315;
					};
				};
			};
			buildConfigurationList = D56814E9195D4EBC00DF984C /* Build configuration list for PBXProject "Stage" */;
			compatibilityVersion = "Xcode 3.2";
			developmentRegion = English;
			hasScannedForEncodings = 0;
			knownRegions = (
				en,
			);
			mainGroup = D56814E5195D4EBC00DF984C;
			productRefGroup = D56814EF195D4EBC00DF984C /* Products */;
			projectDirPath = "";
			projectRoot = "";
			targets = (
				D56814ED195D4EBC00DF984C /* Stage */,
				D5B38B4C19CCFE2400459315 /* glscroller */,
				D5B38B5B19CCFE2400459315 /* glscrollerTests */,
			);
		};
/* End PBXProject section */

/* Begin PBXResourcesBuildPhase section */
		D56814EC195D4EBC00DF984C /* Resources */ = {
			isa = PBXResourcesBuildPhase;
			buildActionMask = 2147483647;
			files = (
				D56814F9195D4EBC00DF984C /* Images.xcassets in Resources */,
				D531B1E619C3892900973DBF /* reveal-icon.png in Resources */,
				D531B1E719C3892900973DBF /* reveal-icon@2x.png in Resources */,
			);
			runOnlyForDeploymentPostprocessing = 0;
		};
		D5B38B4B19CCFE2400459315 /* Resources */ = {
			isa = PBXResourcesBuildPhase;
			buildActionMask = 2147483647;
			files = (
				D5B38B5719CCFE2400459315 /* Images.xcassets in Resources */,
			);
			runOnlyForDeploymentPostprocessing = 0;
		};
		D5B38B5A19CCFE2400459315 /* Resources */ = {
			isa = PBXResourcesBuildPhase;
			buildActionMask = 2147483647;
			files = (
			);
			runOnlyForDeploymentPostprocessing = 0;
		};
/* End PBXResourcesBuildPhase section */

/* Begin PBXSourcesBuildPhase section */
		D56814EA195D4EBC00DF984C /* Sources */ = {
			isa = PBXSourcesBuildPhase;
			buildActionMask = 2147483647;
			files = (
				D56814F7195D4EBC00DF984C /* AppDelegate.m in Sources */,
				D5681524195E9FCF00DF984C /* NavBar.m in Sources */,
				D527E08A19A68D100092CA64 /* SceneController.m in Sources */,
				D56814F4195D4EBC00DF984C /* main.m in Sources */,
				D531B1DB19C377B900973DBF /* MenuViewController.m in Sources */,
				D57C425B1960E60F00963C52 /* Controls.m in Sources */,
				D568151B195E908100DF984C /* ScreenView.m in Sources */,
				D568151A195E908100DF984C /* RoomView.m in Sources */,
				D5681527195EA06E00DF984C /* Hotspot.m in Sources */,
				D568151F195E90AE00DF984C /* Primitives.m in Sources */,
				D5681510195D4F3000DF984C /* Stage.m in Sources */,
				D568152D195FAF9000DF984C /* CubeOctaRoom.m in Sources */,
				D531B1D719C3767000973DBF /* SWRevealViewController.m in Sources */,
			);
			runOnlyForDeploymentPostprocessing = 0;
		};
		D5B38B4919CCFE2400459315 /* Sources */ = {
			isa = PBXSourcesBuildPhase;
			buildActionMask = 2147483647;
			files = (
				D5B38B5519CCFE2400459315 /* AppDelegate.m in Sources */,
				D5B38B5219CCFE2400459315 /* main.m in Sources */,
			);
			runOnlyForDeploymentPostprocessing = 0;
		};
		D5B38B5819CCFE2400459315 /* Sources */ = {
			isa = PBXSourcesBuildPhase;
			buildActionMask = 2147483647;
			files = (
				D5B38B6319CCFE2400459315 /* glscrollerTests.m in Sources */,
			);
			runOnlyForDeploymentPostprocessing = 0;
		};
/* End PBXSourcesBuildPhase section */

/* Begin PBXTargetDependency section */
		D5B38B5E19CCFE2400459315 /* PBXTargetDependency */ = {
			isa = PBXTargetDependency;
			target = D5B38B4C19CCFE2400459315 /* glscroller */;
			targetProxy = D5B38B5D19CCFE2400459315 /* PBXContainerItemProxy */;
		};
/* End PBXTargetDependency section */

/* Begin XCBuildConfiguration section */
		D5681506195D4EBC00DF984C /* Debug */ = {
			isa = XCBuildConfiguration;
			buildSettings = {
				ALWAYS_SEARCH_USER_PATHS = NO;
				CLANG_CXX_LANGUAGE_STANDARD = "gnu++0x";
				CLANG_CXX_LIBRARY = "libc++";
				CLANG_ENABLE_MODULES = YES;
				CLANG_ENABLE_OBJC_ARC = YES;
				CLANG_WARN_BOOL_CONVERSION = YES;
				CLANG_WARN_CONSTANT_CONVERSION = YES;
				CLANG_WARN_DIRECT_OBJC_ISA_USAGE = YES_ERROR;
				CLANG_WARN_EMPTY_BODY = YES;
				CLANG_WARN_ENUM_CONVERSION = YES;
				CLANG_WARN_INT_CONVERSION = YES;
				CLANG_WARN_OBJC_ROOT_CLASS = YES_ERROR;
				CLANG_WARN_UNREACHABLE_CODE = YES;
				CLANG_WARN__DUPLICATE_METHOD_MATCH = YES;
				"CODE_SIGN_IDENTITY[sdk=iphoneos*]" = "iPhone Developer";
				COPY_PHASE_STRIP = NO;
				ENABLE_STRICT_OBJC_MSGSEND = YES;
				GCC_C_LANGUAGE_STANDARD = gnu99;
				GCC_DYNAMIC_NO_PIC = NO;
				GCC_OPTIMIZATION_LEVEL = 0;
				GCC_PREPROCESSOR_DEFINITIONS = (
					"DEBUG=1",
					"$(inherited)",
				);
				GCC_SYMBOLS_PRIVATE_EXTERN = NO;
				GCC_WARN_64_TO_32_BIT_CONVERSION = YES;
				GCC_WARN_ABOUT_RETURN_TYPE = YES_ERROR;
				GCC_WARN_UNDECLARED_SELECTOR = YES;
				GCC_WARN_UNINITIALIZED_AUTOS = YES_AGGRESSIVE;
				GCC_WARN_UNUSED_FUNCTION = YES;
				GCC_WARN_UNUSED_VARIABLE = YES;
				IPHONEOS_DEPLOYMENT_TARGET = 8.0;
				METAL_ENABLE_DEBUG_INFO = YES;
				ONLY_ACTIVE_ARCH = YES;
				SDKROOT = iphoneos;
				TARGETED_DEVICE_FAMILY = "1,2";
			};
			name = Debug;
		};
		D5681507195D4EBC00DF984C /* Release */ = {
			isa = XCBuildConfiguration;
			buildSettings = {
				ALWAYS_SEARCH_USER_PATHS = NO;
				CLANG_CXX_LANGUAGE_STANDARD = "gnu++0x";
				CLANG_CXX_LIBRARY = "libc++";
				CLANG_ENABLE_MODULES = YES;
				CLANG_ENABLE_OBJC_ARC = YES;
				CLANG_WARN_BOOL_CONVERSION = YES;
				CLANG_WARN_CONSTANT_CONVERSION = YES;
				CLANG_WARN_DIRECT_OBJC_ISA_USAGE = YES_ERROR;
				CLANG_WARN_EMPTY_BODY = YES;
				CLANG_WARN_ENUM_CONVERSION = YES;
				CLANG_WARN_INT_CONVERSION = YES;
				CLANG_WARN_OBJC_ROOT_CLASS = YES_ERROR;
				CLANG_WARN_UNREACHABLE_CODE = YES;
				CLANG_WARN__DUPLICATE_METHOD_MATCH = YES;
				"CODE_SIGN_IDENTITY[sdk=iphoneos*]" = "iPhone Developer";
				COPY_PHASE_STRIP = YES;
				ENABLE_NS_ASSERTIONS = NO;
				ENABLE_STRICT_OBJC_MSGSEND = YES;
				GCC_C_LANGUAGE_STANDARD = gnu99;
				GCC_WARN_64_TO_32_BIT_CONVERSION = YES;
				GCC_WARN_ABOUT_RETURN_TYPE = YES_ERROR;
				GCC_WARN_UNDECLARED_SELECTOR = YES;
				GCC_WARN_UNINITIALIZED_AUTOS = YES_AGGRESSIVE;
				GCC_WARN_UNUSED_FUNCTION = YES;
				GCC_WARN_UNUSED_VARIABLE = YES;
				IPHONEOS_DEPLOYMENT_TARGET = 8.0;
				METAL_ENABLE_DEBUG_INFO = NO;
				SDKROOT = iphoneos;
				TARGETED_DEVICE_FAMILY = "1,2";
				VALIDATE_PRODUCT = YES;
			};
			name = Release;
		};
		D5681509195D4EBC00DF984C /* Debug */ = {
			isa = XCBuildConfiguration;
			buildSettings = {
				ASSETCATALOG_COMPILER_APPICON_NAME = AppIcon;
				ASSETCATALOG_COMPILER_LAUNCHIMAGE_NAME = LaunchImage;
				INFOPLIST_FILE = iOS/Info.plist;
				IPHONEOS_DEPLOYMENT_TARGET = 8.0;
				LD_RUNPATH_SEARCH_PATHS = "$(inherited) @executable_path/Frameworks";
				OTHER_LDFLAGS = "";
				PRODUCT_NAME = "$(TARGET_NAME)";
				TARGETED_DEVICE_FAMILY = 1;
			};
			name = Debug;
		};
		D568150A195D4EBC00DF984C /* Release */ = {
			isa = XCBuildConfiguration;
			buildSettings = {
				ASSETCATALOG_COMPILER_APPICON_NAME = AppIcon;
				ASSETCATALOG_COMPILER_LAUNCHIMAGE_NAME = LaunchImage;
				INFOPLIST_FILE = iOS/Info.plist;
				IPHONEOS_DEPLOYMENT_TARGET = 8.0;
				LD_RUNPATH_SEARCH_PATHS = "$(inherited) @executable_path/Frameworks";
				OTHER_LDFLAGS = "";
				PRODUCT_NAME = "$(TARGET_NAME)";
				TARGETED_DEVICE_FAMILY = 1;
			};
			name = Release;
		};
		D5B38B6519CCFE2400459315 /* Debug */ = {
			isa = XCBuildConfiguration;
			buildSettings = {
				ASSETCATALOG_COMPILER_APPICON_NAME = AppIcon;
				ASSETCATALOG_COMPILER_LAUNCHIMAGE_NAME = LaunchImage;
				GCC_PREPROCESSOR_DEFINITIONS = (
					"DEBUG=1",
					"$(inherited)",
				);
				INFOPLIST_FILE = glscroller/Info.plist;
				LD_RUNPATH_SEARCH_PATHS = "$(inherited) @executable_path/Frameworks";
				METAL_ENABLE_DEBUG_INFO = YES;
				PRODUCT_NAME = "$(TARGET_NAME)";
			};
			name = Debug;
		};
		D5B38B6619CCFE2400459315 /* Release */ = {
			isa = XCBuildConfiguration;
			buildSettings = {
				ASSETCATALOG_COMPILER_APPICON_NAME = AppIcon;
				ASSETCATALOG_COMPILER_LAUNCHIMAGE_NAME = LaunchImage;
				INFOPLIST_FILE = glscroller/Info.plist;
				LD_RUNPATH_SEARCH_PATHS = "$(inherited) @executable_path/Frameworks";
				METAL_ENABLE_DEBUG_INFO = NO;
				PRODUCT_NAME = "$(TARGET_NAME)";
			};
			name = Release;
		};
		D5B38B6819CCFE2400459315 /* Debug */ = {
			isa = XCBuildConfiguration;
			buildSettings = {
				BUNDLE_LOADER = "$(BUILT_PRODUCTS_DIR)/glscroller.app/glscroller";
				FRAMEWORK_SEARCH_PATHS = (
					"$(SDKROOT)/Developer/Library/Frameworks",
					"$(inherited)",
				);
				GCC_PREPROCESSOR_DEFINITIONS = (
					"DEBUG=1",
					"$(inherited)",
				);
				INFOPLIST_FILE = glscrollerTests/Info.plist;
				LD_RUNPATH_SEARCH_PATHS = "$(inherited) @executable_path/Frameworks @loader_path/Frameworks";
				METAL_ENABLE_DEBUG_INFO = YES;
				PRODUCT_NAME = "$(TARGET_NAME)";
				TEST_HOST = "$(BUNDLE_LOADER)";
			};
			name = Debug;
		};
		D5B38B6919CCFE2400459315 /* Release */ = {
			isa = XCBuildConfiguration;
			buildSettings = {
				BUNDLE_LOADER = "$(BUILT_PRODUCTS_DIR)/glscroller.app/glscroller";
				FRAMEWORK_SEARCH_PATHS = (
					"$(SDKROOT)/Developer/Library/Frameworks",
					"$(inherited)",
				);
				INFOPLIST_FILE = glscrollerTests/Info.plist;
				LD_RUNPATH_SEARCH_PATHS = "$(inherited) @executable_path/Frameworks @loader_path/Frameworks";
				METAL_ENABLE_DEBUG_INFO = NO;
				PRODUCT_NAME = "$(TARGET_NAME)";
				TEST_HOST = "$(BUNDLE_LOADER)";
			};
			name = Release;
		};
/* End XCBuildConfiguration section */

/* Begin XCConfigurationList section */
		D56814E9195D4EBC00DF984C /* Build configuration list for PBXProject "Stage" */ = {
			isa = XCConfigurationList;
			buildConfigurations = (
				D5681506195D4EBC00DF984C /* Debug */,
				D5681507195D4EBC00DF984C /* Release */,
			);
			defaultConfigurationIsVisible = 0;
			defaultConfigurationName = Release;
		};
		D5681508195D4EBC00DF984C /* Build configuration list for PBXNativeTarget "Stage" */ = {
			isa = XCConfigurationList;
			buildConfigurations = (
				D5681509195D4EBC00DF984C /* Debug */,
				D568150A195D4EBC00DF984C /* Release */,
			);
			defaultConfigurationIsVisible = 0;
			defaultConfigurationName = Release;
		};
		D5B38B6419CCFE2400459315 /* Build configuration list for PBXNativeTarget "glscroller" */ = {
			isa = XCConfigurationList;
			buildConfigurations = (
				D5B38B6519CCFE2400459315 /* Debug */,
				D5B38B6619CCFE2400459315 /* Release */,
			);
			defaultConfigurationIsVisible = 0;
		};
		D5B38B6719CCFE2400459315 /* Build configuration list for PBXNativeTarget "glscrollerTests" */ = {
			isa = XCConfigurationList;
			buildConfigurations = (
				D5B38B6819CCFE2400459315 /* Debug */,
				D5B38B6919CCFE2400459315 /* Release */,
			);
			defaultConfigurationIsVisible = 0;
		};
/* End XCConfigurationList section */
	};
	rootObject = D56814E6195D4EBC00DF984C /* Project object */;
}
