// !$*UTF8*$!
{
	archiveVersion = 1;
	classes = {
	};
	objectVersion = 46;
	objects = {

/* Begin PBXBuildFile section */
		D59632BF19D08BFC00EA5E4C /* SpinningPentagon.m in Sources */ = {isa = PBXBuildFile; fileRef = D59632BE19D08BFC00EA5E4C /* SpinningPentagon.m */; };
		D5B38BC519CD0A9A00459315 /* main.m in Sources */ = {isa = PBXBuildFile; fileRef = D5B38BC419CD0A9A00459315 /* main.m */; };
		D5B38BC819CD0A9A00459315 /* AppDelegate.m in Sources */ = {isa = PBXBuildFile; fileRef = D5B38BC719CD0A9A00459315 /* AppDelegate.m */; };
		D5B38BCA19CD0A9A00459315 /* Shader.fsh in Resources */ = {isa = PBXBuildFile; fileRef = D5B38BC919CD0A9A00459315 /* Shader.fsh */; };
		D5B38BCC19CD0A9A00459315 /* Shader.vsh in Resources */ = {isa = PBXBuildFile; fileRef = D5B38BCB19CD0A9A00459315 /* Shader.vsh */; };
		D5B38BCF19CD0A9A00459315 /* Stage.m in Sources */ = {isa = PBXBuildFile; fileRef = D5B38BCE19CD0A9A00459315 /* Stage.m */; };
		D5B38BD419CD0A9A00459315 /* Images.xcassets in Resources */ = {isa = PBXBuildFile; fileRef = D5B38BD319CD0A9A00459315 /* Images.xcassets */; };
		D5B38BE019CD0A9A00459315 /* iOSTests.m in Sources */ = {isa = PBXBuildFile; fileRef = D5B38BDF19CD0A9A00459315 /* iOSTests.m */; };
		D5B38BEF19CD10C200459315 /* Primitives.c in Sources */ = {isa = PBXBuildFile; fileRef = D5B38BEA19CD10C200459315 /* Primitives.c */; };
		D5B38BF119CD10C200459315 /* GLScrollView.m in Sources */ = {isa = PBXBuildFile; fileRef = D5B38BEE19CD10C200459315 /* GLScrollView.m */; };
		D5B38BF419CD17A600459315 /* Room.m in Sources */ = {isa = PBXBuildFile; fileRef = D5B38BF319CD17A600459315 /* Room.m */; };
		D5B38BF719CD190E00459315 /* AnimationController.m in Sources */ = {isa = PBXBuildFile; fileRef = D5B38BF619CD190E00459315 /* AnimationController.m */; };
		D5B38BFD19CD1D6500459315 /* reveal-icon.png in Resources */ = {isa = PBXBuildFile; fileRef = D5B38BF919CD1D6500459315 /* reveal-icon.png */; };
		D5B38BFE19CD1D6500459315 /* reveal-icon@2x.png in Resources */ = {isa = PBXBuildFile; fileRef = D5B38BFA19CD1D6500459315 /* reveal-icon@2x.png */; };
		D5B38BFF19CD1D6500459315 /* SWRevealViewController.m in Sources */ = {isa = PBXBuildFile; fileRef = D5B38BFC19CD1D6500459315 /* SWRevealViewController.m */; };
		D5B38C0519CD1D8200459315 /* MenuViewController.m in Sources */ = {isa = PBXBuildFile; fileRef = D5B38C0219CD1D8200459315 /* MenuViewController.m */; };
		D5B38C0619CD1D8200459315 /* NavBar.m in Sources */ = {isa = PBXBuildFile; fileRef = D5B38C0419CD1D8200459315 /* NavBar.m */; };
		D5B38C1419D0790000459315 /* GLView.m in Sources */ = {isa = PBXBuildFile; fileRef = D5B38C1219D0790000459315 /* GLView.m */; };
/* End PBXBuildFile section */

/* Begin PBXContainerItemProxy section */
		D5B38BDA19CD0A9A00459315 /* PBXContainerItemProxy */ = {
			isa = PBXContainerItemProxy;
			containerPortal = D5B38BB719CD0A9900459315 /* Project object */;
			proxyType = 1;
			remoteGlobalIDString = D5B38BBE19CD0A9A00459315;
			remoteInfo = iOS;
		};
/* End PBXContainerItemProxy section */

/* Begin PBXFileReference section */
		D59632BD19D08BFC00EA5E4C /* SpinningPentagon.h */ = {isa = PBXFileReference; fileEncoding = 4; lastKnownFileType = sourcecode.c.h; path = SpinningPentagon.h; sourceTree = "<group>"; };
		D59632BE19D08BFC00EA5E4C /* SpinningPentagon.m */ = {isa = PBXFileReference; fileEncoding = 4; lastKnownFileType = sourcecode.c.objc; path = SpinningPentagon.m; sourceTree = "<group>"; };
		D5B38BBF19CD0A9A00459315 /* Stage.app */ = {isa = PBXFileReference; explicitFileType = wrapper.application; includeInIndex = 0; path = Stage.app; sourceTree = BUILT_PRODUCTS_DIR; };
		D5B38BC319CD0A9A00459315 /* Info.plist */ = {isa = PBXFileReference; lastKnownFileType = text.plist.xml; path = Info.plist; sourceTree = "<group>"; };
		D5B38BC419CD0A9A00459315 /* main.m */ = {isa = PBXFileReference; lastKnownFileType = sourcecode.c.objc; path = main.m; sourceTree = "<group>"; };
		D5B38BC619CD0A9A00459315 /* AppDelegate.h */ = {isa = PBXFileReference; lastKnownFileType = sourcecode.c.h; path = AppDelegate.h; sourceTree = "<group>"; };
		D5B38BC719CD0A9A00459315 /* AppDelegate.m */ = {isa = PBXFileReference; lastKnownFileType = sourcecode.c.objc; path = AppDelegate.m; sourceTree = "<group>"; };
		D5B38BC919CD0A9A00459315 /* Shader.fsh */ = {isa = PBXFileReference; lastKnownFileType = sourcecode.glsl; name = Shader.fsh; path = Shaders/Shader.fsh; sourceTree = "<group>"; };
		D5B38BCB19CD0A9A00459315 /* Shader.vsh */ = {isa = PBXFileReference; lastKnownFileType = sourcecode.glsl; name = Shader.vsh; path = Shaders/Shader.vsh; sourceTree = "<group>"; };
		D5B38BCD19CD0A9A00459315 /* Stage.h */ = {isa = PBXFileReference; lastKnownFileType = sourcecode.c.h; path = Stage.h; sourceTree = "<group>"; };
		D5B38BCE19CD0A9A00459315 /* Stage.m */ = {isa = PBXFileReference; lastKnownFileType = sourcecode.c.objc; path = Stage.m; sourceTree = "<group>"; };
		D5B38BD319CD0A9A00459315 /* Images.xcassets */ = {isa = PBXFileReference; lastKnownFileType = folder.assetcatalog; path = Images.xcassets; sourceTree = "<group>"; };
		D5B38BD919CD0A9A00459315 /* StageTests.xctest */ = {isa = PBXFileReference; explicitFileType = wrapper.cfbundle; includeInIndex = 0; path = StageTests.xctest; sourceTree = BUILT_PRODUCTS_DIR; };
		D5B38BDE19CD0A9A00459315 /* Info.plist */ = {isa = PBXFileReference; lastKnownFileType = text.plist.xml; path = Info.plist; sourceTree = "<group>"; };
		D5B38BDF19CD0A9A00459315 /* iOSTests.m */ = {isa = PBXFileReference; lastKnownFileType = sourcecode.c.objc; path = iOSTests.m; sourceTree = "<group>"; };
		D5B38BEA19CD10C200459315 /* Primitives.c */ = {isa = PBXFileReference; fileEncoding = 4; lastKnownFileType = sourcecode.c.c; path = Primitives.c; sourceTree = "<group>"; };
		D5B38BED19CD10C200459315 /* GLScrollView.h */ = {isa = PBXFileReference; fileEncoding = 4; lastKnownFileType = sourcecode.c.h; path = GLScrollView.h; sourceTree = "<group>"; };
		D5B38BEE19CD10C200459315 /* GLScrollView.m */ = {isa = PBXFileReference; fileEncoding = 4; lastKnownFileType = sourcecode.c.objc; path = GLScrollView.m; sourceTree = "<group>"; };
		D5B38BF219CD17A600459315 /* Room.h */ = {isa = PBXFileReference; fileEncoding = 4; lastKnownFileType = sourcecode.c.h; path = Room.h; sourceTree = "<group>"; };
		D5B38BF319CD17A600459315 /* Room.m */ = {isa = PBXFileReference; fileEncoding = 4; lastKnownFileType = sourcecode.c.objc; path = Room.m; sourceTree = "<group>"; };
		D5B38BF519CD190E00459315 /* AnimationController.h */ = {isa = PBXFileReference; fileEncoding = 4; lastKnownFileType = sourcecode.c.h; path = AnimationController.h; sourceTree = "<group>"; };
		D5B38BF619CD190E00459315 /* AnimationController.m */ = {isa = PBXFileReference; fileEncoding = 4; lastKnownFileType = sourcecode.c.objc; path = AnimationController.m; sourceTree = "<group>"; };
		D5B38BF919CD1D6500459315 /* reveal-icon.png */ = {isa = PBXFileReference; lastKnownFileType = image.png; path = "reveal-icon.png"; sourceTree = "<group>"; };
		D5B38BFA19CD1D6500459315 /* reveal-icon@2x.png */ = {isa = PBXFileReference; lastKnownFileType = image.png; path = "reveal-icon@2x.png"; sourceTree = "<group>"; };
		D5B38BFB19CD1D6500459315 /* SWRevealViewController.h */ = {isa = PBXFileReference; fileEncoding = 4; lastKnownFileType = sourcecode.c.h; path = SWRevealViewController.h; sourceTree = "<group>"; };
		D5B38BFC19CD1D6500459315 /* SWRevealViewController.m */ = {isa = PBXFileReference; fileEncoding = 4; lastKnownFileType = sourcecode.c.objc; path = SWRevealViewController.m; sourceTree = "<group>"; };
		D5B38C0119CD1D8200459315 /* MenuViewController.h */ = {isa = PBXFileReference; fileEncoding = 4; lastKnownFileType = sourcecode.c.h; path = MenuViewController.h; sourceTree = "<group>"; };
		D5B38C0219CD1D8200459315 /* MenuViewController.m */ = {isa = PBXFileReference; fileEncoding = 4; lastKnownFileType = sourcecode.c.objc; path = MenuViewController.m; sourceTree = "<group>"; };
		D5B38C0319CD1D8200459315 /* NavBar.h */ = {isa = PBXFileReference; fileEncoding = 4; lastKnownFileType = sourcecode.c.h; path = NavBar.h; sourceTree = "<group>"; };
		D5B38C0419CD1D8200459315 /* NavBar.m */ = {isa = PBXFileReference; fileEncoding = 4; lastKnownFileType = sourcecode.c.objc; path = NavBar.m; sourceTree = "<group>"; };
		D5B38C1119D0790000459315 /* GLView.h */ = {isa = PBXFileReference; fileEncoding = 4; lastKnownFileType = sourcecode.c.h; path = GLView.h; sourceTree = "<group>"; };
		D5B38C1219D0790000459315 /* GLView.m */ = {isa = PBXFileReference; fileEncoding = 4; lastKnownFileType = sourcecode.c.objc; path = GLView.m; sourceTree = "<group>"; };
/* End PBXFileReference section */

/* Begin PBXFrameworksBuildPhase section */
		D5B38BBC19CD0A9A00459315 /* Frameworks */ = {
			isa = PBXFrameworksBuildPhase;
			buildActionMask = 2147483647;
			files = (
			);
			runOnlyForDeploymentPostprocessing = 0;
		};
		D5B38BD619CD0A9A00459315 /* Frameworks */ = {
			isa = PBXFrameworksBuildPhase;
			buildActionMask = 2147483647;
			files = (
			);
			runOnlyForDeploymentPostprocessing = 0;
		};
/* End PBXFrameworksBuildPhase section */

/* Begin PBXGroup section */
		D5B38BB619CD0A9900459315 = {
			isa = PBXGroup;
			children = (
				D5B38BC119CD0A9A00459315 /* iOS */,
				D5B38BDC19CD0A9A00459315 /* iOSTests */,
				D5B38BC019CD0A9A00459315 /* Products */,
			);
			sourceTree = "<group>";
		};
		D5B38BC019CD0A9A00459315 /* Products */ = {
			isa = PBXGroup;
			children = (
				D5B38BBF19CD0A9A00459315 /* Stage.app */,
				D5B38BD919CD0A9A00459315 /* StageTests.xctest */,
			);
			name = Products;
			sourceTree = "<group>";
		};
		D5B38BC119CD0A9A00459315 /* iOS */ = {
			isa = PBXGroup;
			children = (
				D5B38BC619CD0A9A00459315 /* AppDelegate.h */,
				D5B38BC719CD0A9A00459315 /* AppDelegate.m */,
				D5B38BC919CD0A9A00459315 /* Shader.fsh */,
				D5B38BCB19CD0A9A00459315 /* Shader.vsh */,
				D5B38BCD19CD0A9A00459315 /* Stage.h */,
				D5B38BCE19CD0A9A00459315 /* Stage.m */,
				D5B38BF819CD1A8500459315 /* Animations */,
				D5B38BEA19CD10C200459315 /* Primitives.c */,
				D5B38BF219CD17A600459315 /* Room.h */,
				D5B38BF319CD17A600459315 /* Room.m */,
				D5B38C0B19CD2BAB00459315 /* Views */,
				D5B38BED19CD10C200459315 /* GLScrollView.h */,
				D5B38BEE19CD10C200459315 /* GLScrollView.m */,
				D5B38C0719CD1D8600459315 /* Examples */,
				D5B38C0019CD1D6800459315 /* RevealMenu */,
				D5B38BD319CD0A9A00459315 /* Images.xcassets */,
				D5B38BC219CD0A9A00459315 /* Supporting Files */,
			);
			path = iOS;
			sourceTree = "<group>";
		};
		D5B38BC219CD0A9A00459315 /* Supporting Files */ = {
			isa = PBXGroup;
			children = (
				D5B38BC319CD0A9A00459315 /* Info.plist */,
				D5B38BC419CD0A9A00459315 /* main.m */,
			);
			name = "Supporting Files";
			sourceTree = "<group>";
		};
		D5B38BDC19CD0A9A00459315 /* iOSTests */ = {
			isa = PBXGroup;
			children = (
				D5B38BDF19CD0A9A00459315 /* iOSTests.m */,
				D5B38BDD19CD0A9A00459315 /* Supporting Files */,
			);
			path = iOSTests;
			sourceTree = "<group>";
		};
		D5B38BDD19CD0A9A00459315 /* Supporting Files */ = {
			isa = PBXGroup;
			children = (
				D5B38BDE19CD0A9A00459315 /* Info.plist */,
			);
			name = "Supporting Files";
			sourceTree = "<group>";
		};
		D5B38BF819CD1A8500459315 /* Animations */ = {
			isa = PBXGroup;
			children = (
				D5B38BF519CD190E00459315 /* AnimationController.h */,
				D5B38BF619CD190E00459315 /* AnimationController.m */,
			);
			name = Animations;
			sourceTree = "<group>";
		};
		D5B38C0019CD1D6800459315 /* RevealMenu */ = {
			isa = PBXGroup;
			children = (
				D5B38C0119CD1D8200459315 /* MenuViewController.h */,
				D5B38C0219CD1D8200459315 /* MenuViewController.m */,
				D5B38BFB19CD1D6500459315 /* SWRevealViewController.h */,
				D5B38BFC19CD1D6500459315 /* SWRevealViewController.m */,
				D5B38BF919CD1D6500459315 /* reveal-icon.png */,
				D5B38BFA19CD1D6500459315 /* reveal-icon@2x.png */,
			);
			name = RevealMenu;
			sourceTree = "<group>";
		};
		D5B38C0719CD1D8600459315 /* Examples */ = {
			isa = PBXGroup;
			children = (
				D59632BD19D08BFC00EA5E4C /* SpinningPentagon.h */,
				D59632BE19D08BFC00EA5E4C /* SpinningPentagon.m */,
				D5B38C0319CD1D8200459315 /* NavBar.h */,
				D5B38C0419CD1D8200459315 /* NavBar.m */,
			);
			name = Examples;
			sourceTree = "<group>";
		};
		D5B38C0B19CD2BAB00459315 /* Views */ = {
			isa = PBXGroup;
			children = (
				D5B38C1119D0790000459315 /* GLView.h */,
				D5B38C1219D0790000459315 /* GLView.m */,
			);
			name = Views;
			sourceTree = "<group>";
		};
/* End PBXGroup section */

/* Begin PBXNativeTarget section */
		D5B38BBE19CD0A9A00459315 /* Stage */ = {
			isa = PBXNativeTarget;
			buildConfigurationList = D5B38BE319CD0A9A00459315 /* Build configuration list for PBXNativeTarget "Stage" */;
			buildPhases = (
				D5B38BBB19CD0A9A00459315 /* Sources */,
				D5B38BBC19CD0A9A00459315 /* Frameworks */,
				D5B38BBD19CD0A9A00459315 /* Resources */,
			);
			buildRules = (
			);
			dependencies = (
			);
			name = Stage;
			productName = iOS;
			productReference = D5B38BBF19CD0A9A00459315 /* Stage.app */;
			productType = "com.apple.product-type.application";
		};
		D5B38BD819CD0A9A00459315 /* StageTests */ = {
			isa = PBXNativeTarget;
			buildConfigurationList = D5B38BE619CD0A9A00459315 /* Build configuration list for PBXNativeTarget "StageTests" */;
			buildPhases = (
				D5B38BD519CD0A9A00459315 /* Sources */,
				D5B38BD619CD0A9A00459315 /* Frameworks */,
				D5B38BD719CD0A9A00459315 /* Resources */,
			);
			buildRules = (
			);
			dependencies = (
				D5B38BDB19CD0A9A00459315 /* PBXTargetDependency */,
			);
			name = StageTests;
			productName = iOSTests;
			productReference = D5B38BD919CD0A9A00459315 /* StageTests.xctest */;
			productType = "com.apple.product-type.bundle.unit-test";
		};
/* End PBXNativeTarget section */

/* Begin PBXProject section */
		D5B38BB719CD0A9900459315 /* Project object */ = {
			isa = PBXProject;
			attributes = {
				LastUpgradeCheck = 0600;
				ORGANIZATIONNAME = Robby;
				TargetAttributes = {
					D5B38BBE19CD0A9A00459315 = {
						CreatedOnToolsVersion = 6.0;
					};
					D5B38BD819CD0A9A00459315 = {
						CreatedOnToolsVersion = 6.0;
						TestTargetID = D5B38BBE19CD0A9A00459315;
					};
				};
			};
			buildConfigurationList = D5B38BBA19CD0A9A00459315 /* Build configuration list for PBXProject "Stage" */;
			compatibilityVersion = "Xcode 3.2";
			developmentRegion = English;
			hasScannedForEncodings = 0;
			knownRegions = (
				en,
				Base,
			);
			mainGroup = D5B38BB619CD0A9900459315;
			productRefGroup = D5B38BC019CD0A9A00459315 /* Products */;
			projectDirPath = "";
			projectRoot = "";
			targets = (
				D5B38BBE19CD0A9A00459315 /* Stage */,
				D5B38BD819CD0A9A00459315 /* StageTests */,
			);
		};
/* End PBXProject section */

/* Begin PBXResourcesBuildPhase section */
		D5B38BBD19CD0A9A00459315 /* Resources */ = {
			isa = PBXResourcesBuildPhase;
			buildActionMask = 2147483647;
			files = (
				D5B38BD419CD0A9A00459315 /* Images.xcassets in Resources */,
				D5B38BFE19CD1D6500459315 /* reveal-icon@2x.png in Resources */,
				D5B38BCC19CD0A9A00459315 /* Shader.vsh in Resources */,
				D5B38BCA19CD0A9A00459315 /* Shader.fsh in Resources */,
				D5B38BFD19CD1D6500459315 /* reveal-icon.png in Resources */,
			);
			runOnlyForDeploymentPostprocessing = 0;
		};
		D5B38BD719CD0A9A00459315 /* Resources */ = {
			isa = PBXResourcesBuildPhase;
			buildActionMask = 2147483647;
			files = (
			);
			runOnlyForDeploymentPostprocessing = 0;
		};
/* End PBXResourcesBuildPhase section */

/* Begin PBXSourcesBuildPhase section */
		D5B38BBB19CD0A9A00459315 /* Sources */ = {
			isa = PBXSourcesBuildPhase;
			buildActionMask = 2147483647;
			files = (
				D5B38BF119CD10C200459315 /* GLScrollView.m in Sources */,
				D5B38C1419D0790000459315 /* GLView.m in Sources */,
				D5B38BC819CD0A9A00459315 /* AppDelegate.m in Sources */,
				D5B38BCF19CD0A9A00459315 /* Stage.m in Sources */,
				D5B38BC519CD0A9A00459315 /* main.m in Sources */,
				D5B38C0619CD1D8200459315 /* NavBar.m in Sources */,
				D5B38BFF19CD1D6500459315 /* SWRevealViewController.m in Sources */,
				D5B38BEF19CD10C200459315 /* Primitives.c in Sources */,
				D5B38BF719CD190E00459315 /* AnimationController.m in Sources */,
				D5B38BF419CD17A600459315 /* Room.m in Sources */,
				D5B38C0519CD1D8200459315 /* MenuViewController.m in Sources */,
				D59632BF19D08BFC00EA5E4C /* SpinningPentagon.m in Sources */,
			);
			runOnlyForDeploymentPostprocessing = 0;
		};
		D5B38BD519CD0A9A00459315 /* Sources */ = {
			isa = PBXSourcesBuildPhase;
			buildActionMask = 2147483647;
			files = (
				D5B38BE019CD0A9A00459315 /* iOSTests.m in Sources */,
			);
			runOnlyForDeploymentPostprocessing = 0;
		};
/* End PBXSourcesBuildPhase section */

/* Begin PBXTargetDependency section */
		D5B38BDB19CD0A9A00459315 /* PBXTargetDependency */ = {
			isa = PBXTargetDependency;
			target = D5B38BBE19CD0A9A00459315 /* Stage */;
			targetProxy = D5B38BDA19CD0A9A00459315 /* PBXContainerItemProxy */;
		};
/* End PBXTargetDependency section */

/* Begin XCBuildConfiguration section */
		D5B38BE119CD0A9A00459315 /* Debug */ = {
			isa = XCBuildConfiguration;
			buildSettings = {
				ALWAYS_SEARCH_USER_PATHS = NO;
				CLANG_CXX_LANGUAGE_STANDARD = "gnu++0x";
				CLANG_CXX_LIBRARY = "libc++";
				CLANG_ENABLE_MODULES = YES;
				CLANG_ENABLE_OBJC_ARC = YES;
				CLANG_WARN_BOOL_CONVERSION = YES;
				CLANG_WARN_CONSTANT_CONVERSION = YES;
				CLANG_WARN_DIRECT_OBJC_ISA_USAGE = YES_ERROR;
				CLANG_WARN_EMPTY_BODY = YES;
				CLANG_WARN_ENUM_CONVERSION = YES;
				CLANG_WARN_INT_CONVERSION = YES;
				CLANG_WARN_OBJC_ROOT_CLASS = YES_ERROR;
				CLANG_WARN_UNREACHABLE_CODE = YES;
				CLANG_WARN__DUPLICATE_METHOD_MATCH = YES;
				"CODE_SIGN_IDENTITY[sdk=iphoneos*]" = "iPhone Developer";
				COPY_PHASE_STRIP = NO;
				ENABLE_STRICT_OBJC_MSGSEND = YES;
				GCC_C_LANGUAGE_STANDARD = gnu99;
				GCC_DYNAMIC_NO_PIC = NO;
				GCC_OPTIMIZATION_LEVEL = 0;
				GCC_PREPROCESSOR_DEFINITIONS = (
					"DEBUG=1",
					"$(inherited)",
				);
				GCC_SYMBOLS_PRIVATE_EXTERN = NO;
				GCC_WARN_64_TO_32_BIT_CONVERSION = YES;
				GCC_WARN_ABOUT_RETURN_TYPE = YES_ERROR;
				GCC_WARN_UNDECLARED_SELECTOR = YES;
				GCC_WARN_UNINITIALIZED_AUTOS = YES_AGGRESSIVE;
				GCC_WARN_UNUSED_FUNCTION = YES;
				GCC_WARN_UNUSED_VARIABLE = YES;
				IPHONEOS_DEPLOYMENT_TARGET = 8.0;
				METAL_ENABLE_DEBUG_INFO = YES;
				ONLY_ACTIVE_ARCH = YES;
				SDKROOT = iphoneos;
				TARGETED_DEVICE_FAMILY = "1,2";
			};
			name = Debug;
		};
		D5B38BE219CD0A9A00459315 /* Release */ = {
			isa = XCBuildConfiguration;
			buildSettings = {
				ALWAYS_SEARCH_USER_PATHS = NO;
				CLANG_CXX_LANGUAGE_STANDARD = "gnu++0x";
				CLANG_CXX_LIBRARY = "libc++";
				CLANG_ENABLE_MODULES = YES;
				CLANG_ENABLE_OBJC_ARC = YES;
				CLANG_WARN_BOOL_CONVERSION = YES;
				CLANG_WARN_CONSTANT_CONVERSION = YES;
				CLANG_WARN_DIRECT_OBJC_ISA_USAGE = YES_ERROR;
				CLANG_WARN_EMPTY_BODY = YES;
				CLANG_WARN_ENUM_CONVERSION = YES;
				CLANG_WARN_INT_CONVERSION = YES;
				CLANG_WARN_OBJC_ROOT_CLASS = YES_ERROR;
				CLANG_WARN_UNREACHABLE_CODE = YES;
				CLANG_WARN__DUPLICATE_METHOD_MATCH = YES;
				"CODE_SIGN_IDENTITY[sdk=iphoneos*]" = "iPhone Developer";
				COPY_PHASE_STRIP = YES;
				ENABLE_NS_ASSERTIONS = NO;
				ENABLE_STRICT_OBJC_MSGSEND = YES;
				GCC_C_LANGUAGE_STANDARD = gnu99;
				GCC_WARN_64_TO_32_BIT_CONVERSION = YES;
				GCC_WARN_ABOUT_RETURN_TYPE = YES_ERROR;
				GCC_WARN_UNDECLARED_SELECTOR = YES;
				GCC_WARN_UNINITIALIZED_AUTOS = YES_AGGRESSIVE;
				GCC_WARN_UNUSED_FUNCTION = YES;
				GCC_WARN_UNUSED_VARIABLE = YES;
				IPHONEOS_DEPLOYMENT_TARGET = 8.0;
				METAL_ENABLE_DEBUG_INFO = NO;
				SDKROOT = iphoneos;
				TARGETED_DEVICE_FAMILY = "1,2";
				VALIDATE_PRODUCT = YES;
			};
			name = Release;
		};
		D5B38BE419CD0A9A00459315 /* Debug */ = {
			isa = XCBuildConfiguration;
			buildSettings = {
				ASSETCATALOG_COMPILER_APPICON_NAME = AppIcon;
				ASSETCATALOG_COMPILER_LAUNCHIMAGE_NAME = LaunchImage;
				INFOPLIST_FILE = iOS/Info.plist;
				LD_RUNPATH_SEARCH_PATHS = "$(inherited) @executable_path/Frameworks";
				PRODUCT_NAME = Stage;
			};
			name = Debug;
		};
		D5B38BE519CD0A9A00459315 /* Release */ = {
			isa = XCBuildConfiguration;
			buildSettings = {
				ASSETCATALOG_COMPILER_APPICON_NAME = AppIcon;
				ASSETCATALOG_COMPILER_LAUNCHIMAGE_NAME = LaunchImage;
				INFOPLIST_FILE = iOS/Info.plist;
				LD_RUNPATH_SEARCH_PATHS = "$(inherited) @executable_path/Frameworks";
				PRODUCT_NAME = Stage;
			};
			name = Release;
		};
		D5B38BE719CD0A9A00459315 /* Debug */ = {
			isa = XCBuildConfiguration;
			buildSettings = {
				BUNDLE_LOADER = "$(BUILT_PRODUCTS_DIR)/iOS.app/iOS";
				FRAMEWORK_SEARCH_PATHS = (
					"$(SDKROOT)/Developer/Library/Frameworks",
					"$(inherited)",
				);
				GCC_PREPROCESSOR_DEFINITIONS = (
					"DEBUG=1",
					"$(inherited)",
				);
				INFOPLIST_FILE = iOSTests/Info.plist;
				LD_RUNPATH_SEARCH_PATHS = "$(inherited) @executable_path/Frameworks @loader_path/Frameworks";
				METAL_ENABLE_DEBUG_INFO = YES;
				PRODUCT_NAME = StageTests;
				TEST_HOST = "$(BUNDLE_LOADER)";
			};
			name = Debug;
		};
		D5B38BE819CD0A9A00459315 /* Release */ = {
			isa = XCBuildConfiguration;
			buildSettings = {
				BUNDLE_LOADER = "$(BUILT_PRODUCTS_DIR)/iOS.app/iOS";
				FRAMEWORK_SEARCH_PATHS = (
					"$(SDKROOT)/Developer/Library/Frameworks",
					"$(inherited)",
				);
				INFOPLIST_FILE = iOSTests/Info.plist;
				LD_RUNPATH_SEARCH_PATHS = "$(inherited) @executable_path/Frameworks @loader_path/Frameworks";
				METAL_ENABLE_DEBUG_INFO = NO;
				PRODUCT_NAME = StageTests;
				TEST_HOST = "$(BUNDLE_LOADER)";
			};
			name = Release;
		};
/* End XCBuildConfiguration section */

/* Begin XCConfigurationList section */
		D5B38BBA19CD0A9A00459315 /* Build configuration list for PBXProject "Stage" */ = {
			isa = XCConfigurationList;
			buildConfigurations = (
				D5B38BE119CD0A9A00459315 /* Debug */,
				D5B38BE219CD0A9A00459315 /* Release */,
			);
			defaultConfigurationIsVisible = 0;
			defaultConfigurationName = Release;
		};
		D5B38BE319CD0A9A00459315 /* Build configuration list for PBXNativeTarget "Stage" */ = {
			isa = XCConfigurationList;
			buildConfigurations = (
				D5B38BE419CD0A9A00459315 /* Debug */,
				D5B38BE519CD0A9A00459315 /* Release */,
			);
			defaultConfigurationIsVisible = 0;
			defaultConfigurationName = Release;
		};
		D5B38BE619CD0A9A00459315 /* Build configuration list for PBXNativeTarget "StageTests" */ = {
			isa = XCConfigurationList;
			buildConfigurations = (
				D5B38BE719CD0A9A00459315 /* Debug */,
				D5B38BE819CD0A9A00459315 /* Release */,
			);
			defaultConfigurationIsVisible = 0;
			defaultConfigurationName = Release;
		};
/* End XCConfigurationList section */
	};
	rootObject = D5B38BB719CD0A9900459315 /* Project object */;
}
